{
  "name": "@sonicoriginalsoftware/arg-parser",
  "version": "0.0.1",
  "lockfileVersion": 1,
  "requires": true,
  "dependencies": {
    "@sonicoriginalsoftware/jester": {
      "version": "0.2.6",
      "resolved": "https://registry.npmjs.org/@sonicoriginalsoftware/jester/-/jester-0.2.6.tgz",
      "integrity": "sha512-dIxdnuQ6bcVBcyGzWUv0u/m/UXodD7WkMPBOg1giyT1FSeS9RP8JYjPRNu3IdA+eN1oHRVhKmvlLouDM4OnS6w==",
      "dev": true
    },
    "@types/node": {
      "version": "14.14.34",
      "resolved": "https://registry.npmjs.org/@types/node/-/node-14.14.34.tgz",
      "integrity": "sha512-dBPaxocOK6UVyvhbnpFIj2W+S+1cBTkHQbFQfeeJhoKFbzYcVUGHvddeWPSucKATb3F0+pgDq0i6ghEaZjsugA==",
      "dev": true
    }
  }
}
